// !$*UTF8*$!
{
	archiveVersion = 1;
	classes = {
	};
	objectVersion = 56;
	objects = {

/* Begin PBXBuildFile section */
		3405BF012BC81EB100CE302F /* ShutterButton.swift in Sources */ = {isa = PBXBuildFile; fileRef = 3405BF002BC81EB100CE302F /* ShutterButton.swift */; };
		3405BF032BC8201800CE302F /* GalleryThumbnail.swift in Sources */ = {isa = PBXBuildFile; fileRef = 3405BF022BC8201800CE302F /* GalleryThumbnail.swift */; };
		3405BF052BC820DC00CE302F /* CameraSwitchButton.swift in Sources */ = {isa = PBXBuildFile; fileRef = 3405BF042BC820DC00CE302F /* CameraSwitchButton.swift */; };
		3405BF072BC8215700CE302F /* FocusView.swift in Sources */ = {isa = PBXBuildFile; fileRef = 3405BF062BC8215700CE302F /* FocusView.swift */; };
		3405BF0B2BC82F7F00CE302F /* FlashButton.swift in Sources */ = {isa = PBXBuildFile; fileRef = 3405BF0A2BC82F7F00CE302F /* FlashButton.swift */; };
		3405BF122BC856BF00CE302F /* MobileNetV2.mlpackage in Sources */ = {isa = PBXBuildFile; fileRef = 3405BF112BC856BF00CE302F /* MobileNetV2.mlpackage */; };
		3405BF182BCACF7000CE302F /* MLAnalysisView.swift in Sources */ = {isa = PBXBuildFile; fileRef = 3405BF172BCACF7000CE302F /* MLAnalysisView.swift */; };
		3405BF1A2BCAD84300CE302F /* CustomMLModel.swift in Sources */ = {isa = PBXBuildFile; fileRef = 3405BF192BCAD84300CE302F /* CustomMLModel.swift */; };
		3425AEB12EA6970C0039ECD1 /* Logging.swift in Sources */ = {isa = PBXBuildFile; fileRef = 3425AEB02EA6970C0039ECD1 /* Logging.swift */; };
		34296A2E2FC46738000845A0 /* MVP_PLAN.md in Resources */ = {isa = PBXBuildFile; fileRef = 34296A2D2FC46738000845A0 /* MVP_PLAN.md */; };
		342B2F492F6C79A6007CA388 /* AnalysisModels.swift in Sources */ = {isa = PBXBuildFile; fileRef = 342B2F482F6C79A6007CA388 /* AnalysisModels.swift */; };
		342B2F4B2F6C79A7007CA388 /* MainMenuViewModel.swift in Sources */ = {isa = PBXBuildFile; fileRef = 342B2F4A2F6C79A7007CA388 /* MainMenuViewModel.swift */; };
		342B2F4D2F6C79A7007CA388 /* MLAnalysisViewModel.swift in Sources */ = {isa = PBXBuildFile; fileRef = 342B2F4C2F6C79A7007CA388 /* MLAnalysisViewModel.swift */; };
		3458119C2BC6C6AB00F99102 /* CameraDelegate.swift in Sources */ = {isa = PBXBuildFile; fileRef = 3458119B2BC6C6AB00F99102 /* CameraDelegate.swift */; };
		3462D4882BBC2B3C006626CA /* MainMenuView.swift in Sources */ = {isa = PBXBuildFile; fileRef = 3462D4872BBC2B3C006626CA /* MainMenuView.swift */; };
		3462D48A2BBC6088006626CA /* CircleButton.swift in Sources */ = {isa = PBXBuildFile; fileRef = 3462D4892BBC6088006626CA /* CircleButton.swift */; };
		3462D4B22BBEC4D5006626CA /* PhotoReview.swift in Sources */ = {isa = PBXBuildFile; fileRef = 3462D4B12BBEC4D5006626CA /* PhotoReview.swift */; };
		3462D4B82BBFE590006626CA /* CameraViewModel.swift in Sources */ = {isa = PBXBuildFile; fileRef = 3462D4B72BBFE590006626CA /* CameraViewModel.swift */; };
		34650CC02BD8F44100A1CB90 /* yolov5s.mlmodel in Sources */ = {isa = PBXBuildFile; fileRef = 34650CBF2BD8F44100A1CB90 /* yolov5s.mlmodel */; };
		347930192FBB3C2C00539E3E /* DangerAnnouncer.swift in Sources */ = {isa = PBXBuildFile; fileRef = 347930182FBB3C2C00539E3E /* DangerAnnouncer.swift */; };
		348197A02B9F6BA6008E5F76 /* PhotoDexApp.swift in Sources */ = {isa = PBXBuildFile; fileRef = 3481979F2B9F6BA6008E5F76 /* PhotoDexApp.swift */; };
		348197A22B9F6BA6008E5F76 /* CameraLiveView.swift in Sources */ = {isa = PBXBuildFile; fileRef = 348197A12B9F6BA6008E5F76 /* CameraLiveView.swift */; };
		348197A42B9F6BA7008E5F76 /* Assets.xcassets in Resources */ = {isa = PBXBuildFile; fileRef = 348197A32B9F6BA7008E5F76 /* Assets.xcassets */; };
		348197A72B9F6BA7008E5F76 /* Preview Assets.xcassets in Resources */ = {isa = PBXBuildFile; fileRef = 348197A62B9F6BA7008E5F76 /* Preview Assets.xcassets */; };
		348197AE2B9F818A008E5F76 /* FrameView.swift in Sources */ = {isa = PBXBuildFile; fileRef = 348197AD2B9F818A008E5F76 /* FrameView.swift */; };
		348197B02B9F8259008E5F76 /* CameraManager.swift in Sources */ = {isa = PBXBuildFile; fileRef = 348197AF2B9F8259008E5F76 /* CameraManager.swift */; };
		34A71F182C25828600FA4717 /* SideMenuPredictions.swift in Sources */ = {isa = PBXBuildFile; fileRef = 34A71F172C25828600FA4717 /* SideMenuPredictions.swift */; };
		34A71F1A2C25A8D700FA4717 /* YoloCoreML.swift in Sources */ = {isa = PBXBuildFile; fileRef = 34A71F192C25A8D700FA4717 /* YoloCoreML.swift */; };
		34A71F1C2C25A95B00FA4717 /* MobileNetV2CoreML.swift in Sources */ = {isa = PBXBuildFile; fileRef = 34A71F1B2C25A95B00FA4717 /* MobileNetV2CoreML.swift */; };
		34A71F1E2C2728A300FA4717 /* PermissionsManager.swift in Sources */ = {isa = PBXBuildFile; fileRef = 34A71F1D2C2728A300FA4717 /* PermissionsManager.swift */; };
		34A71F202C272B8000FA4717 /* UIImage+Extension.swift in Sources */ = {isa = PBXBuildFile; fileRef = 34A71F1F2C272B8000FA4717 /* UIImage+Extension.swift */; };
		34A71F222C27343400FA4717 /* OverlayView.swift in Sources */ = {isa = PBXBuildFile; fileRef = 34A71F212C27343400FA4717 /* OverlayView.swift */; };
		34A71F242C27347000FA4717 /* ImageState.swift in Sources */ = {isa = PBXBuildFile; fileRef = 34A71F232C27347000FA4717 /* ImageState.swift */; };
		34A71F262C2737A800FA4717 /* LiveDetectSwitch.swift in Sources */ = {isa = PBXBuildFile; fileRef = 34A71F252C2737A800FA4717 /* LiveDetectSwitch.swift */; };
		34A71F2E2C28994000FA4717 /* PoseDetectionManager.swift in Sources */ = {isa = PBXBuildFile; fileRef = 34A71F2D2C28994000FA4717 /* PoseDetectionManager.swift */; };
		34A71F302C2899D200FA4717 /* PoseDetectSwitch.swift in Sources */ = {isa = PBXBuildFile; fileRef = 34A71F2F2C2899D200FA4717 /* PoseDetectSwitch.swift */; };
		34A71F322C2899F000FA4717 /* PoseOverlayView.swift in Sources */ = {isa = PBXBuildFile; fileRef = 34A71F312C2899F000FA4717 /* PoseOverlayView.swift */; };
/* End PBXBuildFile section */

/* Begin PBXFileReference section */
		3405BF002BC81EB100CE302F /* ShutterButton.swift */ = {isa = PBXFileReference; lastKnownFileType = sourcecode.swift; path = ShutterButton.swift; sourceTree = "<group>"; };
		3405BF022BC8201800CE302F /* GalleryThumbnail.swift */ = {isa = PBXFileReference; lastKnownFileType = sourcecode.swift; path = GalleryThumbnail.swift; sourceTree = "<group>"; };
		3405BF042BC820DC00CE302F /* CameraSwitchButton.swift */ = {isa = PBXFileReference; lastKnownFileType = sourcecode.swift; path = CameraSwitchButton.swift; sourceTree = "<group>"; };
		3405BF062BC8215700CE302F /* FocusView.swift */ = {isa = PBXFileReference; lastKnownFileType = sourcecode.swift; path = FocusView.swift; sourceTree = "<group>"; };
		3405BF0A2BC82F7F00CE302F /* FlashButton.swift */ = {isa = PBXFileReference; lastKnownFileType = sourcecode.swift; path = FlashButton.swift; sourceTree = "<group>"; };
		3405BF112BC856BF00CE302F /* MobileNetV2.mlpackage */ = {isa = PBXFileReference; lastKnownFileType = folder.mlpackage; path = MobileNetV2.mlpackage; sourceTree = "<group>"; };
		3405BF172BCACF7000CE302F /* MLAnalysisView.swift */ = {isa = PBXFileReference; lastKnownFileType = sourcecode.swift; path = MLAnalysisView.swift; sourceTree = "<group>"; };
		3405BF192BCAD84300CE302F /* CustomMLModel.swift */ = {isa = PBXFileReference; lastKnownFileType = sourcecode.swift; path = CustomMLModel.swift; sourceTree = "<group>"; };
		3425AEB02EA6970C0039ECD1 /* Logging.swift */ = {isa = PBXFileReference; lastKnownFileType = sourcecode.swift; path = Logging.swift; sourceTree = "<group>"; };
		34296A2D2FC46738000845A0 /* MVP_PLAN.md */ = {isa = PBXFileReference; lastKnownFileType = net.daringfireball.markdown; path = MVP_PLAN.md; sourceTree = "<group>"; };
		342B2F482F6C79A6007CA388 /* AnalysisModels.swift */ = {isa = PBXFileReference; lastKnownFileType = sourcecode.swift; path = AnalysisModels.swift; sourceTree = "<group>"; };
		342B2F4A2F6C79A7007CA388 /* MainMenuViewModel.swift */ = {isa = PBXFileReference; lastKnownFileType = sourcecode.swift; path = MainMenuViewModel.swift; sourceTree = "<group>"; };
		342B2F4C2F6C79A7007CA388 /* MLAnalysisViewModel.swift */ = {isa = PBXFileReference; lastKnownFileType = sourcecode.swift; path = MLAnalysisViewModel.swift; sourceTree = "<group>"; };
		3458119B2BC6C6AB00F99102 /* CameraDelegate.swift */ = {isa = PBXFileReference; lastKnownFileType = sourcecode.swift; path = CameraDelegate.swift; sourceTree = "<group>"; };
		3462D4872BBC2B3C006626CA /* MainMenuView.swift */ = {isa = PBXFileReference; lastKnownFileType = sourcecode.swift; path = MainMenuView.swift; sourceTree = "<group>"; };
		3462D4892BBC6088006626CA /* CircleButton.swift */ = {isa = PBXFileReference; lastKnownFileType = sourcecode.swift; path = CircleButton.swift; sourceTree = "<group>"; };
		3462D4B12BBEC4D5006626CA /* PhotoReview.swift */ = {isa = PBXFileReference; lastKnownFileType = sourcecode.swift; path = PhotoReview.swift; sourceTree = "<group>"; };
		3462D4B72BBFE590006626CA /* CameraViewModel.swift */ = {isa = PBXFileReference; lastKnownFileType = sourcecode.swift; path = CameraViewModel.swift; sourceTree = "<group>"; };
		34650CBF2BD8F44100A1CB90 /* yolov5s.mlmodel */ = {isa = PBXFileReference; lastKnownFileType = file.mlmodel; path = yolov5s.mlmodel; sourceTree = "<group>"; };
		347930182FBB3C2C00539E3E /* DangerAnnouncer.swift */ = {isa = PBXFileReference; lastKnownFileType = sourcecode.swift; path = DangerAnnouncer.swift; sourceTree = "<group>"; };
		3481979C2B9F6BA6008E5F76 /* PhotoDex.app */ = {isa = PBXFileReference; explicitFileType = wrapper.application; includeInIndex = 0; path = PhotoDex.app; sourceTree = BUILT_PRODUCTS_DIR; };
		3481979F2B9F6BA6008E5F76 /* PhotoDexApp.swift */ = {isa = PBXFileReference; lastKnownFileType = sourcecode.swift; path = PhotoDexApp.swift; sourceTree = "<group>"; };
		348197A12B9F6BA6008E5F76 /* CameraLiveView.swift */ = {isa = PBXFileReference; lastKnownFileType = sourcecode.swift; path = CameraLiveView.swift; sourceTree = "<group>"; };
		348197A32B9F6BA7008E5F76 /* Assets.xcassets */ = {isa = PBXFileReference; lastKnownFileType = folder.assetcatalog; path = Assets.xcassets; sourceTree = "<group>"; };
		348197A62B9F6BA7008E5F76 /* Preview Assets.xcassets */ = {isa = PBXFileReference; lastKnownFileType = folder.assetcatalog; path = "Preview Assets.xcassets"; sourceTree = "<group>"; };
		348197AD2B9F818A008E5F76 /* FrameView.swift */ = {isa = PBXFileReference; lastKnownFileType = sourcecode.swift; path = FrameView.swift; sourceTree = "<group>"; };
		348197AF2B9F8259008E5F76 /* CameraManager.swift */ = {isa = PBXFileReference; lastKnownFileType = sourcecode.swift; path = CameraManager.swift; sourceTree = "<group>"; };
		34A71F172C25828600FA4717 /* SideMenuPredictions.swift */ = {isa = PBXFileReference; lastKnownFileType = sourcecode.swift; path = SideMenuPredictions.swift; sourceTree = "<group>"; };
		34A71F192C25A8D700FA4717 /* YoloCoreML.swift */ = {isa = PBXFileReference; lastKnownFileType = sourcecode.swift; path = YoloCoreML.swift; sourceTree = "<group>"; };
		34A71F1B2C25A95B00FA4717 /* MobileNetV2CoreML.swift */ = {isa = PBXFileReference; lastKnownFileType = sourcecode.swift; path = MobileNetV2CoreML.swift; sourceTree = "<group>"; };
		34A71F1D2C2728A300FA4717 /* PermissionsManager.swift */ = {isa = PBXFileReference; lastKnownFileType = sourcecode.swift; path = PermissionsManager.swift; sourceTree = "<group>"; };
		34A71F1F2C272B8000FA4717 /* UIImage+Extension.swift */ = {isa = PBXFileReference; lastKnownFileType = sourcecode.swift; path = "UIImage+Extension.swift"; sourceTree = "<group>"; };
		34A71F212C27343400FA4717 /* OverlayView.swift */ = {isa = PBXFileReference; lastKnownFileType = sourcecode.swift; path = OverlayView.swift; sourceTree = "<group>"; };
		34A71F232C27347000FA4717 /* ImageState.swift */ = {isa = PBXFileReference; lastKnownFileType = sourcecode.swift; path = ImageState.swift; sourceTree = "<group>"; };
		34A71F252C2737A800FA4717 /* LiveDetectSwitch.swift */ = {isa = PBXFileReference; lastKnownFileType = sourcecode.swift; path = LiveDetectSwitch.swift; sourceTree = "<group>"; };
		34A71F2D2C28994000FA4717 /* PoseDetectionManager.swift */ = {isa = PBXFileReference; lastKnownFileType = sourcecode.swift; path = PoseDetectionManager.swift; sourceTree = "<group>"; };
		34A71F2F2C2899D200FA4717 /* PoseDetectSwitch.swift */ = {isa = PBXFileReference; lastKnownFileType = sourcecode.swift; path = PoseDetectSwitch.swift; sourceTree = "<group>"; };
		34A71F312C2899F000FA4717 /* PoseOverlayView.swift */ = {isa = PBXFileReference; lastKnownFileType = sourcecode.swift; path = PoseOverlayView.swift; sourceTree = "<group>"; };
/* End PBXFileReference section */

/* Begin PBXFrameworksBuildPhase section */
		348197992B9F6BA6008E5F76 /* Frameworks */ = {
			isa = PBXFrameworksBuildPhase;
			buildActionMask = 2147483647;
			files = (
			);
			runOnlyForDeploymentPostprocessing = 0;
		};
/* End PBXFrameworksBuildPhase section */

/* Begin PBXGroup section */
		348197932B9F6BA6008E5F76 = {
			isa = PBXGroup;
			children = (
				3481979E2B9F6BA6008E5F76 /* PhotoDex */,
				3481979D2B9F6BA6008E5F76 /* Products */,
			);
			sourceTree = "<group>";
		};
		3481979D2B9F6BA6008E5F76 /* Products */ = {
			isa = PBXGroup;
			children = (
				3481979C2B9F6BA6008E5F76 /* PhotoDex.app */,
			);
			name = Products;
			sourceTree = "<group>";
		};
		3481979E2B9F6BA6008E5F76 /* PhotoDex */ = {
			isa = PBXGroup;
			children = (
				3481979F2B9F6BA6008E5F76 /* PhotoDexApp.swift */,
				34296A2D2FC46738000845A0 /* MVP_PLAN.md */,
				34E664192F8F421B00D66C3F /* Core */,
				34E6641A2F8F421B00D66C3F /* Features */,
				34E6641B2F8F421C00D66C3F /* Resources */,
			);
			path = PhotoDex;
			sourceTree = "<group>";
		};
		348197A52B9F6BA7008E5F76 /* Preview Content */ = {
			isa = PBXGroup;
			children = (
				348197A62B9F6BA7008E5F76 /* Preview Assets.xcassets */,
			);
			path = "Preview Content";
			sourceTree = "<group>";
		};
		34E664192F8F421B00D66C3F /* Core */ = {
			isa = PBXGroup;
			children = (
				34E6641C2F8F422300D66C3F /* Models */,
				34E6641D2F8F422300D66C3F /* Utilities */,
				34E6641E2F8F422300D66C3F /* Components */,
			);
			path = Core;
			sourceTree = "<group>";
		};
		34E6641A2F8F421B00D66C3F /* Features */ = {
			isa = PBXGroup;
			children = (
				34E6641F2F8F422300D66C3F /* MainMenu */,
				34E664202F8F422400D66C3F /* Camera */,
				34E664212F8F422400D66C3F /* Analysis */,
			);
			path = Features;
			sourceTree = "<group>";
		};
		34E6641B2F8F421C00D66C3F /* Resources */ = {
			isa = PBXGroup;
			children = (
				34650CBF2BD8F44100A1CB90 /* yolov5s.mlmodel */,
				3405BF112BC856BF00CE302F /* MobileNetV2.mlpackage */,
				348197A32B9F6BA7008E5F76 /* Assets.xcassets */,
				348197A52B9F6BA7008E5F76 /* Preview Content */,
			);
			path = Resources;
			sourceTree = "<group>";
		};
		34E6641C2F8F422300D66C3F /* Models */ = {
			isa = PBXGroup;
			children = (
				342B2F482F6C79A6007CA388 /* AnalysisModels.swift */,
				34A71F232C27347000FA4717 /* ImageState.swift */,
			);
			path = Models;
			sourceTree = "<group>";
		};
		34E6641D2F8F422300D66C3F /* Utilities */ = {
			isa = PBXGroup;
			children = (
				347930182FBB3C2C00539E3E /* DangerAnnouncer.swift */,
				3425AEB02EA6970C0039ECD1 /* Logging.swift */,
				34A71F1F2C272B8000FA4717 /* UIImage+Extension.swift */,
				34A71F1D2C2728A300FA4717 /* PermissionsManager.swift */,
			);
			path = Utilities;
			sourceTree = "<group>";
		};
		34E6641E2F8F422300D66C3F /* Components */ = {
			isa = PBXGroup;
			children = (
				3462D4892BBC6088006626CA /* CircleButton.swift */,
			);
			path = Components;
			sourceTree = "<group>";
		};
		34E6641F2F8F422300D66C3F /* MainMenu */ = {
			isa = PBXGroup;
			children = (
				3462D4872BBC2B3C006626CA /* MainMenuView.swift */,
				342B2F4A2F6C79A7007CA388 /* MainMenuViewModel.swift */,
			);
			path = MainMenu;
			sourceTree = "<group>";
		};
		34E664202F8F422400D66C3F /* Camera */ = {
			isa = PBXGroup;
			children = (
				348197A12B9F6BA6008E5F76 /* CameraLiveView.swift */,
				3462D4B72BBFE590006626CA /* CameraViewModel.swift */,
				348197AF2B9F8259008E5F76 /* CameraManager.swift */,
				3458119B2BC6C6AB00F99102 /* CameraDelegate.swift */,
				3462D4B12BBEC4D5006626CA /* PhotoReview.swift */,
				348197AD2B9F818A008E5F76 /* FrameView.swift */,
				3405BF002BC81EB100CE302F /* ShutterButton.swift */,
				3405BF042BC820DC00CE302F /* CameraSwitchButton.swift */,
				3405BF0A2BC82F7F00CE302F /* FlashButton.swift */,
				3405BF062BC8215700CE302F /* FocusView.swift */,
				3405BF022BC8201800CE302F /* GalleryThumbnail.swift */,
				34A71F252C2737A800FA4717 /* LiveDetectSwitch.swift */,
				34A71F2F2C2899D200FA4717 /* PoseDetectSwitch.swift */,
			);
			path = Camera;
			sourceTree = "<group>";
		};
		34E664212F8F422400D66C3F /* Analysis */ = {
			isa = PBXGroup;
			children = (
				3405BF172BCACF7000CE302F /* MLAnalysisView.swift */,
				342B2F4C2F6C79A7007CA388 /* MLAnalysisViewModel.swift */,
				3405BF192BCAD84300CE302F /* CustomMLModel.swift */,
				34A71F192C25A8D700FA4717 /* YoloCoreML.swift */,
				34A71F1B2C25A95B00FA4717 /* MobileNetV2CoreML.swift */,
				34A71F2D2C28994000FA4717 /* PoseDetectionManager.swift */,
				34A71F212C27343400FA4717 /* OverlayView.swift */,
				34A71F312C2899F000FA4717 /* PoseOverlayView.swift */,
				34A71F172C25828600FA4717 /* SideMenuPredictions.swift */,
			);
			path = Analysis;
			sourceTree = "<group>";
		};
/* End PBXGroup section */

/* Begin PBXNativeTarget section */
		3481979B2B9F6BA6008E5F76 /* PhotoDex */ = {
			isa = PBXNativeTarget;
			buildConfigurationList = 348197AA2B9F6BA7008E5F76 /* Build configuration list for PBXNativeTarget "PhotoDex" */;
			buildPhases = (
				348197982B9F6BA6008E5F76 /* Sources */,
				348197992B9F6BA6008E5F76 /* Frameworks */,
				3481979A2B9F6BA6008E5F76 /* Resources */,
			);
			buildRules = (
			);
			dependencies = (
			);
			name = PhotoDex;
			productName = PhotoDex;
			productReference = 3481979C2B9F6BA6008E5F76 /* PhotoDex.app */;
			productType = "com.apple.product-type.application";
		};
/* End PBXNativeTarget section */

/* Begin PBXProject section */
		348197942B9F6BA6008E5F76 /* Project object */ = {
			isa = PBXProject;
			attributes = {
				BuildIndependentTargetsInParallel = 1;
				LastSwiftUpdateCheck = 1530;
				LastUpgradeCheck = 1530;
				TargetAttributes = {
					3481979B2B9F6BA6008E5F76 = {
						CreatedOnToolsVersion = 15.3;
					};
				};
			};
			buildConfigurationList = 348197972B9F6BA6008E5F76 /* Build configuration list for PBXProject "PhotoDex" */;
			compatibilityVersion = "Xcode 14.0";
			developmentRegion = en;
			hasScannedForEncodings = 0;
			knownRegions = (
				en,
				Base,
			);
			mainGroup = 348197932B9F6BA6008E5F76;
			productRefGroup = 3481979D2B9F6BA6008E5F76 /* Products */;
			projectDirPath = "";
			projectRoot = "";
			targets = (
				3481979B2B9F6BA6008E5F76 /* PhotoDex */,
			);
		};
/* End PBXProject section */

/* Begin PBXResourcesBuildPhase section */
		3481979A2B9F6BA6008E5F76 /* Resources */ = {
			isa = PBXResourcesBuildPhase;
			buildActionMask = 2147483647;
			files = (
				348197A72B9F6BA7008E5F76 /* Preview Assets.xcassets in Resources */,
				34296A2E2FC46738000845A0 /* MVP_PLAN.md in Resources */,
				348197A42B9F6BA7008E5F76 /* Assets.xcassets in Resources */,
			);
			runOnlyForDeploymentPostprocessing = 0;
		};
/* End PBXResourcesBuildPhase section */

/* Begin PBXSourcesBuildPhase section */
		348197982B9F6BA6008E5F76 /* Sources */ = {
			isa = PBXSourcesBuildPhase;
			buildActionMask = 2147483647;
			files = (
				34A71F1E2C2728A300FA4717 /* PermissionsManager.swift in Sources */,
				34A71F302C2899D200FA4717 /* PoseDetectSwitch.swift in Sources */,
				34A71F222C27343400FA4717 /* OverlayView.swift in Sources */,
				3462D4882BBC2B3C006626CA /* MainMenuView.swift in Sources */,
				34A71F322C2899F000FA4717 /* PoseOverlayView.swift in Sources */,
				3405BF012BC81EB100CE302F /* ShutterButton.swift in Sources */,
				347930192FBB3C2C00539E3E /* DangerAnnouncer.swift in Sources */,
				3405BF052BC820DC00CE302F /* CameraSwitchButton.swift in Sources */,
				348197AE2B9F818A008E5F76 /* FrameView.swift in Sources */,
				342B2F4D2F6C79A7007CA388 /* MLAnalysisViewModel.swift in Sources */,
				34650CC02BD8F44100A1CB90 /* yolov5s.mlmodel in Sources */,
				34A71F242C27347000FA4717 /* ImageState.swift in Sources */,
				3458119C2BC6C6AB00F99102 /* CameraDelegate.swift in Sources */,
				348197A22B9F6BA6008E5F76 /* CameraLiveView.swift in Sources */,
				342B2F492F6C79A6007CA388 /* AnalysisModels.swift in Sources */,
				3405BF032BC8201800CE302F /* GalleryThumbnail.swift in Sources */,
				3405BF1A2BCAD84300CE302F /* CustomMLModel.swift in Sources */,
				3462D4B82BBFE590006626CA /* CameraViewModel.swift in Sources */,
				342B2F4B2F6C79A7007CA388 /* MainMenuViewModel.swift in Sources */,
				3405BF0B2BC82F7F00CE302F /* FlashButton.swift in Sources */,
				34A71F202C272B8000FA4717 /* UIImage+Extension.swift in Sources */,
				3462D48A2BBC6088006626CA /* CircleButton.swift in Sources */,
				3405BF072BC8215700CE302F /* FocusView.swift in Sources */,
				34A71F2E2C28994000FA4717 /* PoseDetectionManager.swift in Sources */,
				348197B02B9F8259008E5F76 /* CameraManager.swift in Sources */,
				34A71F182C25828600FA4717 /* SideMenuPredictions.swift in Sources */,
				348197A02B9F6BA6008E5F76 /* PhotoDexApp.swift in Sources */,
				34A71F262C2737A800FA4717 /* LiveDetectSwitch.swift in Sources */,
				34A71F1C2C25A95B00FA4717 /* MobileNetV2CoreML.swift in Sources */,
				3462D4B22BBEC4D5006626CA /* PhotoReview.swift in Sources */,
				3425AEB12EA6970C0039ECD1 /* Logging.swift in Sources */,
				34A71F1A2C25A8D700FA4717 /* YoloCoreML.swift in Sources */,
				3405BF182BCACF7000CE302F /* MLAnalysisView.swift in Sources */,
				3405BF122BC856BF00CE302F /* MobileNetV2.mlpackage in Sources */,
			);
			runOnlyForDeploymentPostprocessing = 0;
		};
/* End PBXSourcesBuildPhase section */

/* Begin XCBuildConfiguration section */
		348197A82B9F6BA7008E5F76 /* Debug */ = {
			isa = XCBuildConfiguration;
			buildSettings = {
				ALWAYS_SEARCH_USER_PATHS = NO;
				ASSETCATALOG_COMPILER_GENERATE_SWIFT_ASSET_SYMBOL_EXTENSIONS = YES;
				CLANG_ANALYZER_NONNULL = YES;
				CLANG_ANALYZER_NUMBER_OBJECT_CONVERSION = YES_AGGRESSIVE;
				CLANG_CXX_LANGUAGE_STANDARD = "gnu++20";
				CLANG_ENABLE_MODULES = YES;
				CLANG_ENABLE_OBJC_ARC = YES;
				CLANG_ENABLE_OBJC_WEAK = YES;
				CLANG_WARN_BLOCK_CAPTURE_AUTORELEASING = YES;
				CLANG_WARN_BOOL_CONVERSION = YES;
				CLANG_WARN_COMMA = YES;
				CLANG_WARN_CONSTANT_CONVERSION = YES;
				CLANG_WARN_DEPRECATED_OBJC_IMPLEMENTATIONS = YES;
				CLANG_WARN_DIRECT_OBJC_ISA_USAGE = YES_ERROR;
				CLANG_WARN_DOCUMENTATION_COMMENTS = YES;
				CLANG_WARN_EMPTY_BODY = YES;
				CLANG_WARN_ENUM_CONVERSION = YES;
				CLANG_WARN_INFINITE_RECURSION = YES;
				CLANG_WARN_INT_CONVERSION = YES;
				CLANG_WARN_NON_LITERAL_NULL_CONVERSION = YES;
				CLANG_WARN_OBJC_IMPLICIT_RETAIN_SELF = YES;
				CLANG_WARN_OBJC_LITERAL_CONVERSION = YES;
				CLANG_WARN_OBJC_ROOT_CLASS = YES_ERROR;
				CLANG_WARN_QUOTED_INCLUDE_IN_FRAMEWORK_HEADER = YES;
				CLANG_WARN_RANGE_LOOP_ANALYSIS = YES;
				CLANG_WARN_STRICT_PROTOTYPES = YES;
				CLANG_WARN_SUSPICIOUS_MOVE = YES;
				CLANG_WARN_UNGUARDED_AVAILABILITY = YES_AGGRESSIVE;
				CLANG_WARN_UNREACHABLE_CODE = YES;
				CLANG_WARN__DUPLICATE_METHOD_MATCH = YES;
				COPY_PHASE_STRIP = NO;
				DEBUG_INFORMATION_FORMAT = dwarf;
				ENABLE_STRICT_OBJC_MSGSEND = YES;
				ENABLE_TESTABILITY = YES;
				ENABLE_USER_SCRIPT_SANDBOXING = YES;
				GCC_C_LANGUAGE_STANDARD = gnu17;
				GCC_DYNAMIC_NO_PIC = NO;
				GCC_NO_COMMON_BLOCKS = YES;
				GCC_OPTIMIZATION_LEVEL = 0;
				GCC_PREPROCESSOR_DEFINITIONS = (
					"DEBUG=1",
					"$(inherited)",
				);
				GCC_WARN_64_TO_32_BIT_CONVERSION = YES;
				GCC_WARN_ABOUT_RETURN_TYPE = YES_ERROR;
				GCC_WARN_UNDECLARED_SELECTOR = YES;
				GCC_WARN_UNINITIALIZED_AUTOS = YES_AGGRESSIVE;
				GCC_WARN_UNUSED_FUNCTION = YES;
				GCC_WARN_UNUSED_VARIABLE = YES;
				IPHONEOS_DEPLOYMENT_TARGET = 17.4;
				LOCALIZATION_PREFERS_STRING_CATALOGS = YES;
				MTL_ENABLE_DEBUG_INFO = INCLUDE_SOURCE;
				MTL_FAST_MATH = YES;
				ONLY_ACTIVE_ARCH = YES;
				SDKROOT = iphoneos;
				SWIFT_ACTIVE_COMPILATION_CONDITIONS = "DEBUG $(inherited)";
				SWIFT_OPTIMIZATION_LEVEL = "-Onone";
			};
			name = Debug;
		};
		348197A92B9F6BA7008E5F76 /* Release */ = {
			isa = XCBuildConfiguration;
			buildSettings = {
				ALWAYS_SEARCH_USER_PATHS = NO;
				ASSETCATALOG_COMPILER_GENERATE_SWIFT_ASSET_SYMBOL_EXTENSIONS = YES;
				CLANG_ANALYZER_NONNULL = YES;
				CLANG_ANALYZER_NUMBER_OBJECT_CONVERSION = YES_AGGRESSIVE;
				CLANG_CXX_LANGUAGE_STANDARD = "gnu++20";
				CLANG_ENABLE_MODULES = YES;
				CLANG_ENABLE_OBJC_ARC = YES;
				CLANG_ENABLE_OBJC_WEAK = YES;
				CLANG_WARN_BLOCK_CAPTURE_AUTORELEASING = YES;
				CLANG_WARN_BOOL_CONVERSION = YES;
				CLANG_WARN_COMMA = YES;
				CLANG_WARN_CONSTANT_CONVERSION = YES;
				CLANG_WARN_DEPRECATED_OBJC_IMPLEMENTATIONS = YES;
				CLANG_WARN_DIRECT_OBJC_ISA_USAGE = YES_ERROR;
				CLANG_WARN_DOCUMENTATION_COMMENTS = YES;
				CLANG_WARN_EMPTY_BODY = YES;
				CLANG_WARN_ENUM_CONVERSION = YES;
				CLANG_WARN_INFINITE_RECURSION = YES;
				CLANG_WARN_INT_CONVERSION = YES;
				CLANG_WARN_NON_LITERAL_NULL_CONVERSION = YES;
				CLANG_WARN_OBJC_IMPLICIT_RETAIN_SELF = YES;
				CLANG_WARN_OBJC_LITERAL_CONVERSION = YES;
				CLANG_WARN_OBJC_ROOT_CLASS = YES_ERROR;
				CLANG_WARN_QUOTED_INCLUDE_IN_FRAMEWORK_HEADER = YES;
				CLANG_WARN_RANGE_LOOP_ANALYSIS = YES;
				CLANG_WARN_STRICT_PROTOTYPES = YES;
				CLANG_WARN_SUSPICIOUS_MOVE = YES;
				CLANG_WARN_UNGUARDED_AVAILABILITY = YES_AGGRESSIVE;
				CLANG_WARN_UNREACHABLE_CODE = YES;
				CLANG_WARN__DUPLICATE_METHOD_MATCH = YES;
				COPY_PHASE_STRIP = NO;
				DEBUG_INFORMATION_FORMAT = "dwarf-with-dsym";
				ENABLE_NS_ASSERTIONS = NO;
				ENABLE_STRICT_OBJC_MSGSEND = YES;
				ENABLE_USER_SCRIPT_SANDBOXING = YES;
				GCC_C_LANGUAGE_STANDARD = gnu17;
				GCC_NO_COMMON_BLOCKS = YES;
				GCC_WARN_64_TO_32_BIT_CONVERSION = YES;
				GCC_WARN_ABOUT_RETURN_TYPE = YES_ERROR;
				GCC_WARN_UNDECLARED_SELECTOR = YES;
				GCC_WARN_UNINITIALIZED_AUTOS = YES_AGGRESSIVE;
				GCC_WARN_UNUSED_FUNCTION = YES;
				GCC_WARN_UNUSED_VARIABLE = YES;
				IPHONEOS_DEPLOYMENT_TARGET = 17.4;
				LOCALIZATION_PREFERS_STRING_CATALOGS = YES;
				MTL_ENABLE_DEBUG_INFO = NO;
				MTL_FAST_MATH = YES;
				SDKROOT = iphoneos;
				SWIFT_COMPILATION_MODE = wholemodule;
				VALIDATE_PRODUCT = YES;
			};
			name = Release;
		};
		348197AB2B9F6BA7008E5F76 /* Debug */ = {
			isa = XCBuildConfiguration;
			buildSettings = {
				ASSETCATALOG_COMPILER_APPICON_NAME = AppIcon;
				ASSETCATALOG_COMPILER_GLOBAL_ACCENT_COLOR_NAME = AccentColor;
				CODE_SIGN_STYLE = Automatic;
				CURRENT_PROJECT_VERSION = 1;
				DEVELOPMENT_ASSET_PATHS = "\"PhotoDex/Resources/Preview Content\"";
				DEVELOPMENT_TEAM = KK4TXUS6YX;
				ENABLE_PREVIEWS = YES;
				GENERATE_INFOPLIST_FILE = YES;
				INFOPLIST_KEY_CFBundleDisplayName = "Eye 4 You";
				INFOPLIST_KEY_LSApplicationCategoryType = "public.app-category.utilities";
				INFOPLIST_KEY_NSCameraUsageDescription = "Vreau sa folosesc camera. Ma lasi?";
				INFOPLIST_KEY_NSPhotoLibraryUsageDescription = "Lasa-ma sa ma uit la poze";
				INFOPLIST_KEY_UIApplicationSceneManifest_Generation = YES;
				INFOPLIST_KEY_UIApplicationSupportsIndirectInputEvents = YES;
				INFOPLIST_KEY_UILaunchScreen_Generation = YES;
				INFOPLIST_KEY_UISupportedInterfaceOrientations = UIInterfaceOrientationPortrait;
				IPHONEOS_DEPLOYMENT_TARGET = 18.6;
				LD_RUNPATH_SEARCH_PATHS = (
					"$(inherited)",
					"@executable_path/Frameworks",
				);
				MARKETING_VERSION = 1.0;
				PRODUCT_BUNDLE_IDENTIFIER = com.VladVorniceanu.PhotoDex;
				PRODUCT_NAME = "$(TARGET_NAME)";
				SUPPORTED_PLATFORMS = "iphoneos iphonesimulator";
				SUPPORTS_MACCATALYST = NO;
				SUPPORTS_MAC_DESIGNED_FOR_IPHONE_IPAD = NO;
				SUPPORTS_XR_DESIGNED_FOR_IPHONE_IPAD = NO;
				SWIFT_EMIT_LOC_STRINGS = YES;
				SWIFT_VERSION = 5.0;
				TARGETED_DEVICE_FAMILY = "1,2";
			};
			name = Debug;
		};
		348197AC2B9F6BA7008E5F76 /* Release */ = {
			isa = XCBuildConfiguration;
			buildSettings = {
				ASSETCATALOG_COMPILER_APPICON_NAME = AppIcon;
				ASSETCATALOG_COMPILER_GLOBAL_ACCENT_COLOR_NAME = AccentColor;
				CODE_SIGN_STYLE = Automatic;
				CURRENT_PROJECT_VERSION = 1;
				DEVELOPMENT_ASSET_PATHS = "\"PhotoDex/Resources/Preview Content\"";
				DEVELOPMENT_TEAM = KK4TXUS6YX;
				ENABLE_PREVIEWS = YES;
				GENERATE_INFOPLIST_FILE = YES;
				INFOPLIST_KEY_CFBundleDisplayName = "Eye 4 You";
				INFOPLIST_KEY_LSApplicationCategoryType = "public.app-category.utilities";
				INFOPLIST_KEY_NSCameraUsageDescription = "Vreau sa folosesc camera. Ma lasi?";
				INFOPLIST_KEY_NSPhotoLibraryUsageDescription = "Lasa-ma sa ma uit la poze";
				INFOPLIST_KEY_UIApplicationSceneManifest_Generation = YES;
				INFOPLIST_KEY_UIApplicationSupportsIndirectInputEvents = YES;
				INFOPLIST_KEY_UILaunchScreen_Generation = YES;
				INFOPLIST_KEY_UISupportedInterfaceOrientations = UIInterfaceOrientationPortrait;
				IPHONEOS_DEPLOYMENT_TARGET = 18.6;
				LD_RUNPATH_SEARCH_PATHS = (
					"$(inherited)",
					"@executable_path/Frameworks",
				);
				MARKETING_VERSION = 1.0;
				PRODUCT_BUNDLE_IDENTIFIER = com.VladVorniceanu.PhotoDex;
				PRODUCT_NAME = "$(TARGET_NAME)";
				SUPPORTED_PLATFORMS = "iphoneos iphonesimulator";
				SUPPORTS_MACCATALYST = NO;
				SUPPORTS_MAC_DESIGNED_FOR_IPHONE_IPAD = NO;
				SUPPORTS_XR_DESIGNED_FOR_IPHONE_IPAD = NO;
				SWIFT_EMIT_LOC_STRINGS = YES;
				SWIFT_VERSION = 5.0;
				TARGETED_DEVICE_FAMILY = "1,2";
			};
			name = Release;
		};
/* End XCBuildConfiguration section */

/* Begin XCConfigurationList section */
		348197972B9F6BA6008E5F76 /* Build configuration list for PBXProject "PhotoDex" */ = {
			isa = XCConfigurationList;
			buildConfigurations = (
				348197A82B9F6BA7008E5F76 /* Debug */,
				348197A92B9F6BA7008E5F76 /* Release */,
			);
			defaultConfigurationIsVisible = 0;
			defaultConfigurationName = Release;
		};
		348197AA2B9F6BA7008E5F76 /* Build configuration list for PBXNativeTarget "PhotoDex" */ = {
			isa = XCConfigurationList;
			buildConfigurations = (
				348197AB2B9F6BA7008E5F76 /* Debug */,
				348197AC2B9F6BA7008E5F76 /* Release */,
			);
			defaultConfigurationIsVisible = 0;
			defaultConfigurationName = Release;
		};
/* End XCConfigurationList section */
	};
	rootObject = 348197942B9F6BA6008E5F76 /* Project object */;
}
